{
  "name": "filemanagernode",
  "version": "3.2.1",
  "lockfileVersion": 3,
  "requires": true,
  "packages": {
    "": {
      "name": "filemanagernode",
      "version": "3.2.1",
      "license": "ISC",
      "dependencies": {
        "filemanagernode": "^2.0.4"
      }
    },
    "node_modules/filemanagernode": {
      "version": "2.0.4",
      "resolved": "https://registry.npmjs.org/filemanagernode/-/filemanagernode-2.0.4.tgz",
      "integrity": "sha512-rgbaEQGTSG78UG16U5GcDIPMMBKp7mrskfo+ZO4QDPqqG27ZKqv6w43FF4zm6uNhSR/RLA79RDq7cvXLu09z8A==",
      "license": "ISC"
    }
  }
}
